
Microsoft Visual Studio Solution File, Format Version 12.00
# Visual Studio Version 16
VisualStudioVersion = 16.0.31424.327
MinimumVisualStudioVersion = 10.0.40219.1
Project("{9A19103F-16F7-4668-BE54-9A1E7A4F7556}") = "RetiraTracker", "CharTracker\RetiraTracker.csproj", "{A74F7378-32F9-4B12-86E5-A7EEE44B3821}"
EndProject
Project("{9A19103F-16F7-4668-BE54-9A1E7A4F7556}") = "GoogleExplorer", "GoogleExplorer\GoogleExplorer.csproj", "{41272AFC-E2BA-4885-81A1-9EDEE324520E}"
EndProject
Project("{9A19103F-16F7-4668-BE54-9A1E7A4F7556}") = "ColorRoseLib", "..\ColorRose\ColorRoseLib\ColorRoseLib.csproj", "{6C4F9724-90B3-4735-969F-8B9094D7D97B}"
EndProject
Project("{9A19103F-16F7-4668-BE54-9A1E7A4F7556}") = "SheetDrama", "RPGTemplates\SheetDrama.csproj", "{C3724733-CE53-4A15-B869-F37A3EA3F99A}"
EndProject
Global
	GlobalSection(SolutionConfigurationPlatforms) = preSolution
		Debug|Any CPU = Debug|Any CPU
		Release|Any CPU = Release|Any CPU
	EndGlobalSection
	GlobalSection(ProjectConfigurationPlatforms) = postSolution
		{A74F7378-32F9-4B12-86E5-A7EEE44B3821}.Debug|Any CPU.ActiveCfg = Debug|Any CPU
		{A74F7378-32F9-4B12-86E5-A7EEE44B3821}.Debug|Any CPU.Build.0 = Debug|Any CPU
		{A74F7378-32F9-4B12-86E5-A7EEE44B3821}.Release|Any CPU.ActiveCfg = Release|Any CPU
		{A74F7378-32F9-4B12-86E5-A7EEE44B3821}.Release|Any CPU.Build.0 = Release|Any CPU
		{41272AFC-E2BA-4885-81A1-9EDEE324520E}.Debug|Any CPU.ActiveCfg = Debug|Any CPU
		{41272AFC-E2BA-4885-81A1-9EDEE324520E}.Debug|Any CPU.Build.0 = Debug|Any CPU
		{41272AFC-E2BA-4885-81A1-9EDEE324520E}.Release|Any CPU.ActiveCfg = Release|Any CPU
		{41272AFC-E2BA-4885-81A1-9EDEE324520E}.Release|Any CPU.Build.0 = Release|Any CPU
		{6C4F9724-90B3-4735-969F-8B9094D7D97B}.Debug|Any CPU.ActiveCfg = Debug|Any CPU
		{6C4F9724-90B3-4735-969F-8B9094D7D97B}.Debug|Any CPU.Build.0 = Debug|Any CPU
		{6C4F9724-90B3-4735-969F-8B9094D7D97B}.Release|Any CPU.ActiveCfg = Release|Any CPU
		{6C4F9724-90B3-4735-969F-8B9094D7D97B}.Release|Any CPU.Build.0 = Release|Any CPU
		{C3724733-CE53-4A15-B869-F37A3EA3F99A}.Debug|Any CPU.ActiveCfg = Debug|Any CPU
		{C3724733-CE53-4A15-B869-F37A3EA3F99A}.Debug|Any CPU.Build.0 = Debug|Any CPU
		{C3724733-CE53-4A15-B869-F37A3EA3F99A}.Release|Any CPU.ActiveCfg = Release|Any CPU
		{C3724733-CE53-4A15-B869-F37A3EA3F99A}.Release|Any CPU.Build.0 = Release|Any CPU
	EndGlobalSection
	GlobalSection(SolutionProperties) = preSolution
		HideSolutionNode = FALSE
	EndGlobalSection
	GlobalSection(ExtensibilityGlobals) = postSolution
		SolutionGuid = {A313BCF7-65AC-4ED7-A652-70B3AC598E58}
	EndGlobalSection
EndGlobal
